
Microsoft Visual Studio Solution File, Format Version 12.00
# Visual Studio Version 17
VisualStudioVersion = 17.14.36202.13 d17.14
MinimumVisualStudioVersion = 10.0.40219.1
Project("{FAE04EC0-301F-11D3-BF4B-00C04F79EFBC}") = "ProvaWeb", "ProvaWeb\ProvaWeb.csproj", "{5500D4A4-1899-4800-B4AC-481532DD7ED3}"
EndProject
Global
	GlobalSection(SolutionConfigurationPlatforms) = preSolution
		Debug|Any CPU = Debug|Any CPU
		Release|Any CPU = Release|Any CPU
	EndGlobalSection
	GlobalSection(ProjectConfigurationPlatforms) = postSolution
		{5500D4A4-1899-4800-B4AC-481532DD7ED3}.Debug|Any CPU.ActiveCfg = Debug|Any CPU
		{5500D4A4-1899-4800-B4AC-481532DD7ED3}.Debug|Any CPU.Build.0 = Debug|Any CPU
		{5500D4A4-1899-4800-B4AC-481532DD7ED3}.Release|Any CPU.ActiveCfg = Release|Any CPU
		{5500D4A4-1899-4800-B4AC-481532DD7ED3}.Release|Any CPU.Build.0 = Release|Any CPU
	EndGlobalSection
	GlobalSection(SolutionProperties) = preSolution
		HideSolutionNode = FALSE
	EndGlobalSection
	GlobalSection(ExtensibilityGlobals) = postSolution
		SolutionGuid = {61DDFE7B-44D3-4D5A-B6AB-65D2F5CFACBA}
	EndGlobalSection
EndGlobal
